# THIS IS AN AUTOGENERATED FILE. DO NOT EDIT THIS FILE DIRECTLY.
# yarn lockfile v1


"@mapray/mapray-js@^0.9.0":
  version "0.9.0"
  resolved "https://registry.yarnpkg.com/@mapray/mapray-js/-/mapray-js-0.9.0.tgz#09c8fa83ea95c6952f9750ff467c4d901dc52ec0"
  integrity sha512-NfMr0bE/CchcWhun6QTVyOTg2k0uzxwig/lc4LQm+F6QHcN4KdPEhTmvjugnWkNZ9y2GBh35yFV/kbtYRUA3sg==
  dependencies:
    tslib "^2.2.0"

array-each-slice@^1.0.1:
  version "1.0.1"
  resolved "https://registry.yarnpkg.com/array-each-slice/-/array-each-slice-1.0.1.tgz#6007db07ac32d821b63a9a359a65fd3b833b63bb"
  integrity sha512-aaTTe5QVuhHrXYOhZRPc/9ee6FKdCxG9UfQ1mLJdjUb2VI3uEXKsUhdAs0/0fQc2lPfLe1WN7aCiZWhOs1qPzQ==

earcut@^2.2.3:
  version "2.2.3"
  resolved "https://registry.yarnpkg.com/earcut/-/earcut-2.2.3.tgz#d44ced2ff5a18859568e327dd9c7d46b16f55cf4"
  integrity sha512-iRDI1QeCQIhMCZk48DRDMVgQSSBDmbzzNhnxIo+pwx3swkfjMh6vh0nWLq1NdvGHLKH6wIrAM3vQWeTj6qeoug==

esm@^3.2.25:
  version "3.2.25"
  resolved "https://registry.yarnpkg.com/esm/-/esm-3.2.25.tgz#342c18c29d56157688ba5ce31f8431fbb795cc10"
  integrity sha512-U1suiZ2oDVWv4zPO56S0NcR5QriEahGtdN2OR6FiOG4WJvcjBVFB0qI4+eKoWFH483PKGuLuu6V8Z4T5g63UVA==

three@^0.141.0:
  version "0.141.0"
  resolved "https://registry.yarnpkg.com/three/-/three-0.141.0.tgz#16677a12b9dd0c3e1568ebad0fd09de15d5a8216"
  integrity sha512-JaSDAPWuk4RTzG5BYRQm8YZbERUxTfTDVouWgHMisS2to4E5fotMS9F2zPFNOIJyEFTTQDDKPpsgZVThKU3pXA==

tslib@^2.2.0:
  version "2.4.0"
  resolved "https://registry.yarnpkg.com/tslib/-/tslib-2.4.0.tgz#7cecaa7f073ce680a05847aa77be941098f36dc3"
  integrity sha512-d6xOpEDfsi2CZVlPQzGeux8XMwLT9hssAsaPYExaQMuYskwb+x1x7J371tWlbBdWHroy99KnVB6qIkUbs5X3UQ==
