# THIS IS AN AUTOGENERATED FILE. DO NOT EDIT THIS FILE DIRECTLY.
# yarn lockfile v1


array-bounds@^1.0.0:
  version "1.0.1"
  resolved "https://registry.yarnpkg.com/array-bounds/-/array-bounds-1.0.1.tgz#da11356b4e18e075a4f0c86e1f179a67b7d7ea31"
  integrity sha512-8wdW3ZGk6UjMPJx/glyEt0sLzzwAE1bhToPsO1W2pbpR2gULyxe3BjSiuJFheP50T/GgODVPz2fuMUmIywt8cQ==

array-normalize@^2.0.0:
  version "2.0.0"
  resolved "https://registry.yarnpkg.com/array-normalize/-/array-normalize-2.0.0.tgz#332f7b235fa78b95d219b138649f904d9adaf443"
  integrity sha512-WofPolGg9OqpmfYh2qqOJ0yeJ9Idjn+EcQ+Nyy3eQbqtuz0MRyqTEHB0PH/Ypp2PpsOAfjsqTMzu1fHOaPzO1Q==
  dependencies:
    array-bounds "^1.0.0"

delaunator@^5.0.0:
  version "5.0.0"
  resolved "https://registry.yarnpkg.com/delaunator/-/delaunator-5.0.0.tgz#60f052b28bd91c9b4566850ebf7756efe821d81b"
  integrity sha512-AyLvtyJdbv/U1GkiS6gUUzclRoAY4Gs75qkMygJJhU75LW4DNuSF2RMzpxs9jw9Oz1BobHjTdkG3zdP55VxAqw==
  dependencies:
    robust-predicates "^3.0.0"

esm@^3.2.25:
  version "3.2.25"
  resolved "https://registry.yarnpkg.com/esm/-/esm-3.2.25.tgz#342c18c29d56157688ba5ce31f8431fbb795cc10"
  integrity sha512-U1suiZ2oDVWv4zPO56S0NcR5QriEahGtdN2OR6FiOG4WJvcjBVFB0qI4+eKoWFH483PKGuLuu6V8Z4T5g63UVA==

robust-predicates@^3.0.0:
  version "3.0.1"
  resolved "https://registry.yarnpkg.com/robust-predicates/-/robust-predicates-3.0.1.tgz#ecde075044f7f30118682bd9fb3f123109577f9a"
  integrity sha512-ndEIpszUHiG4HtDsQLeIuMvRsDnn8c8rYStabochtUeCvfuvNptb5TUbVD68LRAILPX7p9nqQGh4xJgn3EHS/g==

three@^0.139.2:
  version "0.139.2"
  resolved "https://registry.yarnpkg.com/three/-/three-0.139.2.tgz#b110799a15736df673b9293e31653a4ac73648dd"
  integrity sha512-gV7q7QY8rogu7HLFZR9cWnOQAUedUhu2WXAnpr2kdXZP9YDKsG/0ychwQvWkZN5PlNw9mv5MoCTin6zNTXoONg==
