# THIS IS AN AUTOGENERATED FILE. DO NOT EDIT THIS FILE DIRECTLY.
# yarn lockfile v1


chance@^1.1.8:
  version "1.1.8"
  resolved "https://registry.yarnpkg.com/chance/-/chance-1.1.8.tgz#5d6c2b78c9170bf6eb9df7acdda04363085be909"
  integrity sha512-v7fi5Hj2VbR6dJEGRWLmJBA83LJMS47pkAbmROFxHWd9qmE1esHRZW8Clf1Fhzr3rjxnNZVCjOEv/ivFxeIMtg==

culori@^2.0.3:
  version "2.0.3"
  resolved "https://registry.yarnpkg.com/culori/-/culori-2.0.3.tgz#5b4fd6b48d25db8efcbb96341cc59fedd25d0078"
  integrity sha512-920cvHdCgdrkmiTgV09/qyGpk3d0RrktiU38bUigBDrNcK/19xRobKBzhSGoBpS9dy03P1OfC8zorQcnZKkK7A==

dommatrix@^1.0.3:
  version "1.0.3"
  resolved "https://registry.yarnpkg.com/dommatrix/-/dommatrix-1.0.3.tgz#e7c18e8d6f3abdd1fef3dd4aa74c4d2e620a0525"
  integrity sha512-l32Xp/TLgWb8ReqbVJAFIvXmY7go4nTxxlWiAFyhoQw9RKEOHBZNnyGvJWqDVSPmq3Y9HlM4npqF/T6VMOXhww==

framesync@6.0.1:
  version "6.0.1"
  resolved "https://registry.yarnpkg.com/framesync/-/framesync-6.0.1.tgz#5e32fc01f1c42b39c654c35b16440e07a25d6f20"
  integrity sha512-fUY88kXvGiIItgNC7wcTOl0SNRCVXMKSWW2Yzfmn7EKNc+MpCzcz9DhdHcdjbrtN3c6R4H5dTY2jiCpPdysEjA==
  dependencies:
    tslib "^2.1.0"

hey-listen@^1.0.8:
  version "1.0.8"
  resolved "https://registry.yarnpkg.com/hey-listen/-/hey-listen-1.0.8.tgz#8e59561ff724908de1aa924ed6ecc84a56a9aa68"
  integrity sha512-COpmrF2NOg4TBWUJ5UVyaCU2A88wEMkUPK4hNqyCkqHbxT92BbvfjoSozkAIIm6XhicGlJHhFdullInrdhwU8Q==

linspace@^1.0.2:
  version "1.0.2"
  resolved "https://registry.yarnpkg.com/linspace/-/linspace-1.0.2.tgz#77172e8ea083b0ddb33c789a7839e1f5a411e99a"
  integrity sha512-3LdlSKwIjMYNf9u2eQqdcekPRcmgNV63sC/yrqc+K+cP/F4yqcqqzCHnqgNB+T3BGOVjRHQpFJBH9uSlB9OxYQ==
  dependencies:
    lodash.range "3.1.7"

lodash.range@3.1.7:
  version "3.1.7"
  resolved "https://registry.yarnpkg.com/lodash.range/-/lodash.range-3.1.7.tgz#0ae7900069e018db44b3f7255b5eb8f3cae27562"
  integrity sha512-9q8miua50gTiBw9vRUhQaEAvAViYo1MhU4kSvLs8VzNjJHqIUhfFc3UVLY+GMSQ1s8Rqfb6L9Ex0RtbnoVfI8Q==

nurbs@^1.1.1:
  version "1.1.1"
  resolved "https://registry.yarnpkg.com/nurbs/-/nurbs-1.1.1.tgz#6a7edd89b39e48c368d305f098f28c0ae76f35cb"
  integrity sha512-BOpYb6U6yBJWD6DwkSdExdhy+RaueZno4YZtvX2oWpSVhDjImNSSSFQXlxPIQIhJR7I4nSWSo9U4fYeoxF+qnw==

popmotion@^11.0.3:
  version "11.0.3"
  resolved "https://registry.yarnpkg.com/popmotion/-/popmotion-11.0.3.tgz#565c5f6590bbcddab7a33a074bb2ba97e24b0cc9"
  integrity sha512-Y55FLdj3UxkR7Vl3s7Qr4e9m0onSnP8W7d/xQLsoJM40vs6UKHFdygs6SWryasTZYqugMjm3BepCF4CWXDiHgA==
  dependencies:
    framesync "6.0.1"
    hey-listen "^1.0.8"
    style-value-types "5.0.0"
    tslib "^2.1.0"

style-value-types@5.0.0:
  version "5.0.0"
  resolved "https://registry.yarnpkg.com/style-value-types/-/style-value-types-5.0.0.tgz#76c35f0e579843d523187989da866729411fc8ad"
  integrity sha512-08yq36Ikn4kx4YU6RD7jWEv27v4V+PUsOGa4n/as8Et3CuODMJQ00ENeAVXAeydX4Z2j1XHZF1K2sX4mGl18fA==
  dependencies:
    hey-listen "^1.0.8"
    tslib "^2.1.0"

svg-path-commander@^1.0.5:
  version "1.0.5"
  resolved "https://registry.yarnpkg.com/svg-path-commander/-/svg-path-commander-1.0.5.tgz#99590f05795364af201ed9e29ad1b5b748c44629"
  integrity sha512-hhQfARVXoPrwwe4DNPWM4hjQLK7rTxwQ+TUc5mxoe5g0k5eStc4SPnKqmivlm/dzZ98bI+yDyKye92n2t+oOiQ==
  dependencies:
    dommatrix "^1.0.3"

tslib@^2.1.0:
  version "2.4.0"
  resolved "https://registry.yarnpkg.com/tslib/-/tslib-2.4.0.tgz#7cecaa7f073ce680a05847aa77be941098f36dc3"
  integrity sha512-d6xOpEDfsi2CZVlPQzGeux8XMwLT9hssAsaPYExaQMuYskwb+x1x7J371tWlbBdWHroy99KnVB6qIkUbs5X3UQ==
